
Microsoft Visual Studio Solution File, Format Version 12.00
# Visual Studio Express 2012 for Windows Desktop
Project("{FAE04EC0-301F-11D3-BF4B-00C04F79EFBC}") = "Aplicacion", "Aplicacion\Aplicacion.csproj", "{CF4FE724-AEFE-4767-8ADD-E68C2B1EF666}"
EndProject
Project("{FAE04EC0-301F-11D3-BF4B-00C04F79EFBC}") = "Negocios", "Negocios\Negocios.csproj", "{4CAF2241-DB9B-4855-8AB0-538D7C711C72}"
EndProject
Project("{FAE04EC0-301F-11D3-BF4B-00C04F79EFBC}") = "Datos", "Datos\Datos.csproj", "{F52D7B2F-AFBD-4678-9BCE-8C685041D646}"
EndProject
Global
	GlobalSection(SolutionConfigurationPlatforms) = preSolution
		Debug|Any CPU = Debug|Any CPU
		Release|Any CPU = Release|Any CPU
	EndGlobalSection
	GlobalSection(ProjectConfigurationPlatforms) = postSolution
		{CF4FE724-AEFE-4767-8ADD-E68C2B1EF666}.Debug|Any CPU.ActiveCfg = Debug|Any CPU
		{CF4FE724-AEFE-4767-8ADD-E68C2B1EF666}.Debug|Any CPU.Build.0 = Debug|Any CPU
		{CF4FE724-AEFE-4767-8ADD-E68C2B1EF666}.Release|Any CPU.ActiveCfg = Release|Any CPU
		{CF4FE724-AEFE-4767-8ADD-E68C2B1EF666}.Release|Any CPU.Build.0 = Release|Any CPU
		{4CAF2241-DB9B-4855-8AB0-538D7C711C72}.Debug|Any CPU.ActiveCfg = Debug|Any CPU
		{4CAF2241-DB9B-4855-8AB0-538D7C711C72}.Debug|Any CPU.Build.0 = Debug|Any CPU
		{4CAF2241-DB9B-4855-8AB0-538D7C711C72}.Release|Any CPU.ActiveCfg = Release|Any CPU
		{4CAF2241-DB9B-4855-8AB0-538D7C711C72}.Release|Any CPU.Build.0 = Release|Any CPU
		{F52D7B2F-AFBD-4678-9BCE-8C685041D646}.Debug|Any CPU.ActiveCfg = Debug|Any CPU
		{F52D7B2F-AFBD-4678-9BCE-8C685041D646}.Debug|Any CPU.Build.0 = Debug|Any CPU
		{F52D7B2F-AFBD-4678-9BCE-8C685041D646}.Release|Any CPU.ActiveCfg = Release|Any CPU
		{F52D7B2F-AFBD-4678-9BCE-8C685041D646}.Release|Any CPU.Build.0 = Release|Any CPU
	EndGlobalSection
	GlobalSection(SolutionProperties) = preSolution
		HideSolutionNode = FALSE
	EndGlobalSection
EndGlobal
